# THIS IS AN AUTOGENERATED FILE. DO NOT EDIT THIS FILE DIRECTLY.
# yarn lockfile v1


"@types/mongoose-paginate@^5.0.8":
  version "5.0.8"
  resolved "https://registry.yarnpkg.com/@types/mongoose-paginate/-/mongoose-paginate-5.0.8.tgz#6b925c3ccf1c45bfb116830c77471cc1ba045308"
  integrity sha512-6Ybb8X+iBB1/CeScDhzn0q5ZXljHu2Zzg9Wp4nYI5V3Pjc02YuLq6GHHLQrljsA/hMytULnbwQovUYWeI3IxWA==

"@types/nanoid@^2.1.0":
  version "2.1.0"
  resolved "https://registry.yarnpkg.com/@types/nanoid/-/nanoid-2.1.0.tgz#41edfda78986e9127d0dc14de982de766f994020"
  integrity sha512-xdkn/oRTA0GSNPLIKZgHWqDTWZsVrieKomxJBOQUK9YDD+zfSgmwD5t4WJYra5S7XyhTw7tfvwznW+pFexaepQ==
  dependencies:
    "@types/node" "*"

"@types/node@*":
  version "14.0.22"
  resolved "https://registry.yarnpkg.com/@types/node/-/node-14.0.22.tgz#23ea4d88189cec7d58f9e6b66f786b215eb61bdc"
  integrity sha512-emeGcJvdiZ4Z3ohbmw93E/64jRzUHAItSHt8nF7M4TGgQTiWqFVGB8KNpLGFmUHmHLvjvBgFwVlqNcq+VuGv9g==

bluebird@3.0.5:
  version "3.0.5"
  resolved "https://registry.yarnpkg.com/bluebird/-/bluebird-3.0.5.tgz#2ff9d07c9b3edb29d6d280fe07528365e7ecd392"
  integrity sha1-L/nQfJs+2ynW0oD+B1KDZefs05I=

mongoose-paginate@^5.0.3:
  version "5.0.3"
  resolved "https://registry.yarnpkg.com/mongoose-paginate/-/mongoose-paginate-5.0.3.tgz#d7ae49ed5bf64f1f7af7620ea865b67058c55371"
  integrity sha1-165J7Vv2Tx9692IOqGW2cFjFU3E=
  dependencies:
    bluebird "3.0.5"

nanoid@^3.1.10:
  version "3.1.10"
  resolved "https://registry.yarnpkg.com/nanoid/-/nanoid-3.1.10.tgz#69a8a52b77892de0d11cede96bc9762852145bc4"
  integrity sha512-iZFMXKeXWkxzlfmMfM91gw7YhN2sdJtixY+eZh9V6QWJWTOiurhpKhBMgr82pfzgSqglQgqYSCowEYsz8D++6w==
